
Microsoft Visual Studio Solution File, Format Version 12.00
# Visual Studio 15
VisualStudioVersion = 15.0.27130.0
MinimumVisualStudioVersion = 10.0.40219.1
Project("{FAE04EC0-301F-11D3-BF4B-00C04F79EFBC}") = "WpfBindingMemoryLeak", "WpfBindingMemoryLeak\WpfBindingMemoryLeak.csproj", "{3DCB949B-9876-4792-9043-BAE53EF3FB16}"
EndProject
Project("{FAE04EC0-301F-11D3-BF4B-00C04F79EFBC}") = "PoolImplementation", "PoolImplementation\PoolImplementation.csproj", "{42113BF1-4E99-4586-8A2D-2D4D3287EF9E}"
EndProject
Project("{FAE04EC0-301F-11D3-BF4B-00C04F79EFBC}") = "EventHandlerMemoryLeak", "EventHandlerMemoryLeak\EventHandlerMemoryLeak.csproj", "{A56BE833-D6BD-447A-A6F4-910FA1534129}"
EndProject
Project("{FAE04EC0-301F-11D3-BF4B-00C04F79EFBC}") = "Boxing", "Boxing\Boxing.csproj", "{7DBE186D-76D9-4D23-B44E-6362A6A96CF1}"
EndProject
Global
	GlobalSection(SolutionConfigurationPlatforms) = preSolution
		Debug|Any CPU = Debug|Any CPU
		Release|Any CPU = Release|Any CPU
	EndGlobalSection
	GlobalSection(ProjectConfigurationPlatforms) = postSolution
		{3DCB949B-9876-4792-9043-BAE53EF3FB16}.Debug|Any CPU.ActiveCfg = Debug|Any CPU
		{3DCB949B-9876-4792-9043-BAE53EF3FB16}.Debug|Any CPU.Build.0 = Debug|Any CPU
		{3DCB949B-9876-4792-9043-BAE53EF3FB16}.Release|Any CPU.ActiveCfg = Release|Any CPU
		{3DCB949B-9876-4792-9043-BAE53EF3FB16}.Release|Any CPU.Build.0 = Release|Any CPU
		{42113BF1-4E99-4586-8A2D-2D4D3287EF9E}.Debug|Any CPU.ActiveCfg = Debug|Any CPU
		{42113BF1-4E99-4586-8A2D-2D4D3287EF9E}.Debug|Any CPU.Build.0 = Debug|Any CPU
		{42113BF1-4E99-4586-8A2D-2D4D3287EF9E}.Release|Any CPU.ActiveCfg = Release|Any CPU
		{42113BF1-4E99-4586-8A2D-2D4D3287EF9E}.Release|Any CPU.Build.0 = Release|Any CPU
		{A56BE833-D6BD-447A-A6F4-910FA1534129}.Debug|Any CPU.ActiveCfg = Debug|Any CPU
		{A56BE833-D6BD-447A-A6F4-910FA1534129}.Debug|Any CPU.Build.0 = Debug|Any CPU
		{A56BE833-D6BD-447A-A6F4-910FA1534129}.Release|Any CPU.ActiveCfg = Release|Any CPU
		{A56BE833-D6BD-447A-A6F4-910FA1534129}.Release|Any CPU.Build.0 = Release|Any CPU
		{7DBE186D-76D9-4D23-B44E-6362A6A96CF1}.Debug|Any CPU.ActiveCfg = Debug|Any CPU
		{7DBE186D-76D9-4D23-B44E-6362A6A96CF1}.Debug|Any CPU.Build.0 = Debug|Any CPU
		{7DBE186D-76D9-4D23-B44E-6362A6A96CF1}.Release|Any CPU.ActiveCfg = Release|Any CPU
		{7DBE186D-76D9-4D23-B44E-6362A6A96CF1}.Release|Any CPU.Build.0 = Release|Any CPU
	EndGlobalSection
	GlobalSection(SolutionProperties) = preSolution
		HideSolutionNode = FALSE
	EndGlobalSection
	GlobalSection(ExtensibilityGlobals) = postSolution
		SolutionGuid = {2FA24084-F98A-482F-B680-0F7A02D5223F}
	EndGlobalSection
EndGlobal
